<?xml version="1.0" encoding="UTF-8" standalone="yes" ?>
<CodeBlocks_project_file>
	<FileVersion major="1" minor="6" />
	<Project>
		<Option title="datapath" />
		<Option makefile_is_custom="1" />
		<Option pch_mode="2" />
		<Option compiler="gcc" />
		<Build>
			<Target title="batch">
				<Option output="datapath" prefix_auto="1" extension_auto="1" />
				<Option type="0" />
				<Option compiler="gcc" />
			</Target>
		</Build>
		<Unit filename="driver1_data.txt" />
		<Unit filename="include/datastruct.h" />
		<Unit filename="local/top.h" />
		<Unit filename="models/driver_model.cpp" />
		<Unit filename="models/driver_model.h" />
		<Unit filename="models/driver_pv.cpp" />
		<Unit filename="models/driver_pv.h" />
		<Unit filename="models/driver_pvt.h" />
		<Unit filename="models/driver_t.cpp" />
		<Unit filename="models/driver_t.h" />
		<Unit filename="models/generic_protocol.h" />
		<Unit filename="models/process_model.cpp" />
		<Unit filename="models/process_model.h" />
		<Unit filename="models/process_pv.cpp" />
		<Unit filename="models/process_pv.h" />
		<Unit filename="models/process_pvt.h" />
		<Unit filename="models/process_t.cpp" />
		<Unit filename="models/process_t.h" />
		<Unit filename="models/sink_model.cpp" />
		<Unit filename="models/sink_model.h" />
		<Unit filename="models/sink_pv.cpp" />
		<Unit filename="models/sink_pv.h" />
		<Unit filename="models/sink_pvt.h" />
		<Unit filename="models/sink_t.cpp" />
		<Unit filename="models/sink_t.h" />
		<Unit filename="models/split_model.cpp" />
		<Unit filename="models/split_model.h" />
		<Unit filename="models/split_pv.cpp" />
		<Unit filename="models/split_pv.h" />
		<Unit filename="models/split_pvt.h" />
		<Unit filename="models/split_t.cpp" />
		<Unit filename="models/split_t.h" />
		<Unit filename="models/switch_model.cpp" />
		<Unit filename="models/switch_model.h" />
		<Unit filename="models/switch_pv.cpp" />
		<Unit filename="models/switch_pv.h" />
		<Unit filename="models/switch_pvt.h" />
		<Unit filename="models/switch_t.cpp" />
		<Unit filename="models/switch_t.h" />
		<Unit filename="parameters.txt" />
		<Unit filename="sc_main.cpp" />
		<Extensions>
			<code_completion>
				<search_path add="$(VISTA_ROOT)/generic/preinclude/systemc22" />
				<search_path add="$(VISTA_ROOT)/systemc-22-gcc434/include" />
				<search_path add="$(VISTA_ROOT)/generic/tlm2.0.1" />
				<search_path add="$(VISTA_ROOT)/generic/tlm2.0.1/include/tlm" />
				<search_path add="$(VISTA_ROOT)/papoulis/install.release/include/mb_include" />
				<search_path add="include" />
				<search_path add="models" />
				<search_path add="$(VISTA_ROOT)/generic/CPP/models_catalogue" />
				<search_path add="$(VISTA_ROOT)/papoulis/install.release/include" />
				<search_path add="$(VISTA_ROOT)/generic/include" />
				<search_path add="$(VISTA_ROOT)/generic" />
				<search_path add="$(VISTA_ROOT)/linux32/tools/include/c++/4.3.4" />
				<search_path add="$(VISTA_ROOT)/linux32/tools/include/c++/4.3.4/i686-pc-linux-gnu" />
				<search_path add="$(VISTA_ROOT)/linux32/tools/include" />
				<search_path add="$(VISTA_ROOT)/linux32/tools/fixincludes/lib/gcc/i686-pc-linux-gnu/4.3.4/include" />
				<search_path add="$(VISTA_ROOT)/linux32/tools/fixincludes/lib/gcc/i686-pc-linux-gnu/4.3.4/include-fixed" />
				<search_path add="/usr/include" />
				<search_path add="$(VISTA_ROOT)/linux32/tools/include/c++/4.3.4/backward" />
				<search_path add="$(VISTA_ROOT)/linux32/tools/bin/../lib/gcc/i686-pc-linux-gnu/4.3.4/include" />
				<search_path add="$(VISTA_ROOT)/linux32/tools/bin/../lib/gcc/i686-pc-linux-gnu/4.3.4/include-fixed" />
				<search_path add="/usr/local/include" />
			</code_completion>
			<debugger />
		</Extensions>
	</Project>
</CodeBlocks_project_file>
